
Microsoft Visual Studio Solution File, Format Version 12.00
# Visual Studio Version 16
VisualStudioVersion = 25.0.1706.12
MinimumVisualStudioVersion = 10.0.40219.1
Project("{FAE04EC0-301F-11D3-BF4B-00C04F79EFBC}") = "MauiSpanGeture", "MauiSpanGeture\MauiSpanGeture.csproj", "{6E97DB26-BC2C-4674-9E26-0AE13A690773}"
EndProject
Global
	GlobalSection(SolutionConfigurationPlatforms) = preSolution
		Debug|Any CPU = Debug|Any CPU
		Release|Any CPU = Release|Any CPU
	EndGlobalSection
	GlobalSection(ProjectConfigurationPlatforms) = postSolution
		{6E97DB26-BC2C-4674-9E26-0AE13A690773}.Debug|Any CPU.ActiveCfg = Debug|Any CPU
		{6E97DB26-BC2C-4674-9E26-0AE13A690773}.Debug|Any CPU.Build.0 = Debug|Any CPU
		{6E97DB26-BC2C-4674-9E26-0AE13A690773}.Release|Any CPU.ActiveCfg = Release|Any CPU
		{6E97DB26-BC2C-4674-9E26-0AE13A690773}.Release|Any CPU.Build.0 = Release|Any CPU
	EndGlobalSection
	GlobalSection(SolutionProperties) = preSolution
		HideSolutionNode = FALSE
	EndGlobalSection
	GlobalSection(ExtensibilityGlobals) = postSolution
		SolutionGuid = {91891C59-8B09-4B17-8743-0E31CD0C3568}
	EndGlobalSection
EndGlobal
